// !$*UTF8*$!
{
	archiveVersion = 1;
	classes = {
	};
	objectVersion = 48;
	objects = {

/* Begin PBXBuildFile section */
		2905331F209915F50076A2AF /* TextViewExtension.swift in Sources */ = {isa = PBXBuildFile; fileRef = 2905331E209915F50076A2AF /* TextViewExtension.swift */; };
		2926C2F220A9332500DB6A3C /* Crytographer.swift in Sources */ = {isa = PBXBuildFile; fileRef = 2926C2F120A9332500DB6A3C /* Crytographer.swift */; };
		292E24CE208AB0BA005311F1 /* button_icon.png in Resources */ = {isa = PBXBuildFile; fileRef = 292E24CD208AB0BA005311F1 /* button_icon.png */; };
		29309A1E20855E950059E2E4 /* FBSDKLoginKit.framework in Frameworks */ = {isa = PBXBuildFile; fileRef = 29309A1D20855E950059E2E4 /* FBSDKLoginKit.framework */; };
		29309A2020855EB70059E2E4 /* Bolts.framework in Frameworks */ = {isa = PBXBuildFile; fileRef = 29309A1F20855EB70059E2E4 /* Bolts.framework */; };
		2934864520AA4E1600143474 /* CachedImage.swift in Sources */ = {isa = PBXBuildFile; fileRef = 2934864420AA4E1600143474 /* CachedImage.swift */; };
		2934864820AA510900143474 /* ImageScroller.swift in Sources */ = {isa = PBXBuildFile; fileRef = 2934864720AA510900143474 /* ImageScroller.swift */; };
		2934864A20AA511600143474 /* ShadowView.swift in Sources */ = {isa = PBXBuildFile; fileRef = 2934864920AA511600143474 /* ShadowView.swift */; };
		2934864C20AA59A300143474 /* ImageScrollerView.swift in Sources */ = {isa = PBXBuildFile; fileRef = 2934864B20AA59A300143474 /* ImageScrollerView.swift */; };
		2934865220AB96FE00143474 /* PetProfileImageDownloader.swift in Sources */ = {isa = PBXBuildFile; fileRef = 2934865120AB96FE00143474 /* PetProfileImageDownloader.swift */; };
		2934865420AC206400143474 /* StringExtension.swift in Sources */ = {isa = PBXBuildFile; fileRef = 2934865320AC206400143474 /* StringExtension.swift */; };
		2944004B208D0D6400F8D03C /* FirestoreLearningVC.swift in Sources */ = {isa = PBXBuildFile; fileRef = 2944004A208D0D6400F8D03C /* FirestoreLearningVC.swift */; };
		2948A2FA2085206B007FEDD8 /* GoogleService-Info.plist in Resources */ = {isa = PBXBuildFile; fileRef = 2948A2F92085206B007FEDD8 /* GoogleService-Info.plist */; };
		294C94C52097D74700266533 /* QuizVC.swift in Sources */ = {isa = PBXBuildFile; fileRef = 294C94C42097D74700266533 /* QuizVC.swift */; };
		294C94C82097E35E00266533 /* QuizQuestion.swift in Sources */ = {isa = PBXBuildFile; fileRef = 294C94C72097E35E00266533 /* QuizQuestion.swift */; };
		295EC96820A40A0400F8D32F /* MatchingCell.swift in Sources */ = {isa = PBXBuildFile; fileRef = 295EC96720A40A0400F8D32F /* MatchingCell.swift */; };
		295EC96A20A40A9000F8D32F /* BestMatchingVC.swift in Sources */ = {isa = PBXBuildFile; fileRef = 295EC96920A40A9000F8D32F /* BestMatchingVC.swift */; };
		295EC96C20A40B2400F8D32F /* MatchingTableDelegate.swift in Sources */ = {isa = PBXBuildFile; fileRef = 295EC96B20A40B2400F8D32F /* MatchingTableDelegate.swift */; };
		295EC96E20A41A3100F8D32F /* MatchingProfile.swift in Sources */ = {isa = PBXBuildFile; fileRef = 295EC96D20A41A3100F8D32F /* MatchingProfile.swift */; };
		298BCFED20969349007A6846 /* OwnerProfile.swift in Sources */ = {isa = PBXBuildFile; fileRef = 298BCFEC20969349007A6846 /* OwnerProfile.swift */; };
		298BCFF1209693A7007A6846 /* PetProfile.swift in Sources */ = {isa = PBXBuildFile; fileRef = 298BCFF0209693A7007A6846 /* PetProfile.swift */; };
		298BCFF52096998C007A6846 /* GenderPicker.swift in Sources */ = {isa = PBXBuildFile; fileRef = 298BCFF42096998C007A6846 /* GenderPicker.swift */; };
		298BCFF7209699B9007A6846 /* LimitTextFieldInput.swift in Sources */ = {isa = PBXBuildFile; fileRef = 298BCFF6209699B9007A6846 /* LimitTextFieldInput.swift */; };
		298BCFF920969EAB007A6846 /* SpeciePicker.swift in Sources */ = {isa = PBXBuildFile; fileRef = 298BCFF820969EAB007A6846 /* SpeciePicker.swift */; };
		298BCFFE2096E213007A6846 /* LimitTextViewInput.swift in Sources */ = {isa = PBXBuildFile; fileRef = 298BCFFD2096E213007A6846 /* LimitTextViewInput.swift */; };
		298FEB63209393C30018F368 /* PetDataViewVC.swift in Sources */ = {isa = PBXBuildFile; fileRef = 298FEB62209393C30018F368 /* PetDataViewVC.swift */; };
		298FEB67209394D70018F368 /* MatchingVC.swift in Sources */ = {isa = PBXBuildFile; fileRef = 298FEB66209394D70018F368 /* MatchingVC.swift */; };
		29A6E5B4208EA86A006352CF /* UserDataViewVC.swift in Sources */ = {isa = PBXBuildFile; fileRef = 29A6E5B3208EA86A006352CF /* UserDataViewVC.swift */; };
		29A6E5B7208EB8DB006352CF /* VarelaRound-Regular.otf in Resources */ = {isa = PBXBuildFile; fileRef = 29A6E5B6208EB8B6006352CF /* VarelaRound-Regular.otf */; };
		29A90B80208DA16F0024ECF7 /* UserDataSettingVC.swift in Sources */ = {isa = PBXBuildFile; fileRef = 29A90B7F208DA16F0024ECF7 /* UserDataSettingVC.swift */; };
		29B19366208D31BB00A59783 /* Profile.swift in Sources */ = {isa = PBXBuildFile; fileRef = 29B19365208D31BB00A59783 /* Profile.swift */; };
		29B1936C208D4C8800A59783 /* ViewControllerExtension.swift in Sources */ = {isa = PBXBuildFile; fileRef = 29B1936B208D4C8800A59783 /* ViewControllerExtension.swift */; };
		29C1797B207EE97D002971C5 /* AppDelegate.swift in Sources */ = {isa = PBXBuildFile; fileRef = 29C1797A207EE97D002971C5 /* AppDelegate.swift */; };
		29C1797D207EE97D002971C5 /* EntryPointVC.swift in Sources */ = {isa = PBXBuildFile; fileRef = 29C1797C207EE97D002971C5 /* EntryPointVC.swift */; };
		29C17980207EE97D002971C5 /* Main.storyboard in Resources */ = {isa = PBXBuildFile; fileRef = 29C1797E207EE97D002971C5 /* Main.storyboard */; };
		29C17982207EE97F002971C5 /* Assets.xcassets in Resources */ = {isa = PBXBuildFile; fileRef = 29C17981207EE97F002971C5 /* Assets.xcassets */; };
		29C17985207EE97F002971C5 /* LaunchScreen.storyboard in Resources */ = {isa = PBXBuildFile; fileRef = 29C17983207EE97F002971C5 /* LaunchScreen.storyboard */; };
		29D1342320A9E609005A72EA /* MatchingViewVC.swift in Sources */ = {isa = PBXBuildFile; fileRef = 29D1342220A9E609005A72EA /* MatchingViewVC.swift */; };
		29F104F6209FD80B006E84E0 /* Deletable.swift in Sources */ = {isa = PBXBuildFile; fileRef = 29F104F5209FD80B006E84E0 /* Deletable.swift */; };
		29F104F920A0069E006E84E0 /* ImagePicker.swift in Sources */ = {isa = PBXBuildFile; fileRef = 29F104F820A0069E006E84E0 /* ImagePicker.swift */; };
		29F104FB20A00FB9006E84E0 /* ImageExtension.swift in Sources */ = {isa = PBXBuildFile; fileRef = 29F104FA20A00FB9006E84E0 /* ImageExtension.swift */; };
		29FCCEF320953FFA00F95695 /* ImageViewExtension.swift in Sources */ = {isa = PBXBuildFile; fileRef = 29FCCEF220953FFA00F95695 /* ImageViewExtension.swift */; };
		4778105DD9E6E656ED368498 /* Pods_PetClump.framework in Frameworks */ = {isa = PBXBuildFile; fileRef = CD520A438C8461BA7C4D0BC1 /* Pods_PetClump.framework */; };
		84771F7920968FD7007385F0 /* ZLSwipeableViewController.swift in Sources */ = {isa = PBXBuildFile; fileRef = 84771F7820968FD7007385F0 /* ZLSwipeableViewController.swift */; };
		847769B320969252002AF924 /* Direction.swift in Sources */ = {isa = PBXBuildFile; fileRef = 847769A820969252002AF924 /* Direction.swift */; };
		847769B520969252002AF924 /* Scheduler.swift in Sources */ = {isa = PBXBuildFile; fileRef = 847769AA20969252002AF924 /* Scheduler.swift */; };
		847769B620969252002AF924 /* ViewManager.swift in Sources */ = {isa = PBXBuildFile; fileRef = 847769AB20969252002AF924 /* ViewManager.swift */; };
		847769B720969252002AF924 /* ZLSwipeableView.swift in Sources */ = {isa = PBXBuildFile; fileRef = 847769AC20969252002AF924 /* ZLSwipeableView.swift */; };
		847769B920969289002AF924 /* CardView.swift in Sources */ = {isa = PBXBuildFile; fileRef = 847769B820969289002AF924 /* CardView.swift */; };
		8496347820A8DEC900719162 /* ChatVC.swift in Sources */ = {isa = PBXBuildFile; fileRef = 8496347720A8DEC900719162 /* ChatVC.swift */; };
		8496347B20A8E60900719162 /* ChatTableViewCell.swift in Sources */ = {isa = PBXBuildFile; fileRef = 8496347A20A8E60900719162 /* ChatTableViewCell.swift */; };
		8496347D20A8E69800719162 /* PeerTableViewCell.swift in Sources */ = {isa = PBXBuildFile; fileRef = 8496347C20A8E69800719162 /* PeerTableViewCell.swift */; };
		84CF6B2620A007BD00533D35 /* AMLineView.swift in Sources */ = {isa = PBXBuildFile; fileRef = 84CF6B2320A007BD00533D35 /* AMLineView.swift */; };
		84CF6B2720A007BD00533D35 /* AMTabButton.swift in Sources */ = {isa = PBXBuildFile; fileRef = 84CF6B2420A007BD00533D35 /* AMTabButton.swift */; };
		84CF6B2820A007BD00533D35 /* AMPagerTabsViewController.swift in Sources */ = {isa = PBXBuildFile; fileRef = 84CF6B2520A007BD00533D35 /* AMPagerTabsViewController.swift */; };
/* End PBXBuildFile section */

/* Begin PBXContainerItemProxy section */
		2926C2EC20A9316600DB6A3C /* PBXContainerItemProxy */ = {
			isa = PBXContainerItemProxy;
			containerPortal = 29C1796F207EE97D002971C5 /* Project object */;
			proxyType = 1;
			remoteGlobalIDString = 29C17976207EE97D002971C5;
			remoteInfo = PetClump;
		};
/* End PBXContainerItemProxy section */

/* Begin PBXFileReference section */
		1ABD750C1AD364543A6D1485 /* Pods-PetClump.release.xcconfig */ = {isa = PBXFileReference; includeInIndex = 1; lastKnownFileType = text.xcconfig; name = "Pods-PetClump.release.xcconfig"; path = "Pods/Target Support Files/Pods-PetClump/Pods-PetClump.release.xcconfig"; sourceTree = "<group>"; };
		2905331E209915F50076A2AF /* TextViewExtension.swift */ = {isa = PBXFileReference; lastKnownFileType = sourcecode.swift; path = TextViewExtension.swift; sourceTree = "<group>"; };
		2926C2E720A9316600DB6A3C /* PetClumpTests.xctest */ = {isa = PBXFileReference; explicitFileType = wrapper.cfbundle; includeInIndex = 0; path = PetClumpTests.xctest; sourceTree = BUILT_PRODUCTS_DIR; };
		2926C2F120A9332500DB6A3C /* Crytographer.swift */ = {isa = PBXFileReference; lastKnownFileType = sourcecode.swift; path = Crytographer.swift; sourceTree = "<group>"; };
		292E24CD208AB0BA005311F1 /* button_icon.png */ = {isa = PBXFileReference; lastKnownFileType = image.png; path = button_icon.png; sourceTree = "<group>"; };
		29309A1D20855E950059E2E4 /* FBSDKLoginKit.framework */ = {isa = PBXFileReference; explicitFileType = wrapper.framework; path = FBSDKLoginKit.framework; sourceTree = BUILT_PRODUCTS_DIR; };
		29309A1F20855EB70059E2E4 /* Bolts.framework */ = {isa = PBXFileReference; explicitFileType = wrapper.framework; path = Bolts.framework; sourceTree = BUILT_PRODUCTS_DIR; };
		2934864420AA4E1600143474 /* CachedImage.swift */ = {isa = PBXFileReference; fileEncoding = 4; lastKnownFileType = sourcecode.swift; path = CachedImage.swift; sourceTree = "<group>"; };
		2934864720AA510900143474 /* ImageScroller.swift */ = {isa = PBXFileReference; fileEncoding = 4; lastKnownFileType = sourcecode.swift; path = ImageScroller.swift; sourceTree = "<group>"; };
		2934864920AA511600143474 /* ShadowView.swift */ = {isa = PBXFileReference; fileEncoding = 4; lastKnownFileType = sourcecode.swift; path = ShadowView.swift; sourceTree = "<group>"; };
		2934864B20AA59A300143474 /* ImageScrollerView.swift */ = {isa = PBXFileReference; lastKnownFileType = sourcecode.swift; path = ImageScrollerView.swift; sourceTree = "<group>"; };
		2934865120AB96FE00143474 /* PetProfileImageDownloader.swift */ = {isa = PBXFileReference; fileEncoding = 4; lastKnownFileType = sourcecode.swift; path = PetProfileImageDownloader.swift; sourceTree = "<group>"; };
		2934865320AC206400143474 /* StringExtension.swift */ = {isa = PBXFileReference; lastKnownFileType = sourcecode.swift; path = StringExtension.swift; sourceTree = "<group>"; };
		2944004A208D0D6400F8D03C /* FirestoreLearningVC.swift */ = {isa = PBXFileReference; lastKnownFileType = sourcecode.swift; path = FirestoreLearningVC.swift; sourceTree = "<group>"; };
		2948A2F92085206B007FEDD8 /* GoogleService-Info.plist */ = {isa = PBXFileReference; fileEncoding = 4; lastKnownFileType = text.plist.xml; path = "GoogleService-Info.plist"; sourceTree = "<group>"; };
		2948A2FB208523C8007FEDD8 /* PetClump.entitlements */ = {isa = PBXFileReference; lastKnownFileType = text.plist.entitlements; path = PetClump.entitlements; sourceTree = "<group>"; };
		294C94C42097D74700266533 /* QuizVC.swift */ = {isa = PBXFileReference; fileEncoding = 4; lastKnownFileType = sourcecode.swift; name = QuizVC.swift; path = PetClump/controller/QuizVC.swift; sourceTree = SOURCE_ROOT; };
		294C94C72097E35E00266533 /* QuizQuestion.swift */ = {isa = PBXFileReference; lastKnownFileType = sourcecode.swift; path = QuizQuestion.swift; sourceTree = "<group>"; };
		295EC96720A40A0400F8D32F /* MatchingCell.swift */ = {isa = PBXFileReference; lastKnownFileType = sourcecode.swift; path = MatchingCell.swift; sourceTree = "<group>"; };
		295EC96920A40A9000F8D32F /* BestMatchingVC.swift */ = {isa = PBXFileReference; lastKnownFileType = sourcecode.swift; path = BestMatchingVC.swift; sourceTree = "<group>"; };
		295EC96B20A40B2400F8D32F /* MatchingTableDelegate.swift */ = {isa = PBXFileReference; lastKnownFileType = sourcecode.swift; path = MatchingTableDelegate.swift; sourceTree = "<group>"; };
		295EC96D20A41A3100F8D32F /* MatchingProfile.swift */ = {isa = PBXFileReference; lastKnownFileType = sourcecode.swift; path = MatchingProfile.swift; sourceTree = "<group>"; };
		298BCFEC20969349007A6846 /* OwnerProfile.swift */ = {isa = PBXFileReference; lastKnownFileType = sourcecode.swift; path = OwnerProfile.swift; sourceTree = "<group>"; };
		298BCFF0209693A7007A6846 /* PetProfile.swift */ = {isa = PBXFileReference; lastKnownFileType = sourcecode.swift; path = PetProfile.swift; sourceTree = "<group>"; };
		298BCFF42096998C007A6846 /* GenderPicker.swift */ = {isa = PBXFileReference; lastKnownFileType = sourcecode.swift; path = GenderPicker.swift; sourceTree = "<group>"; };
		298BCFF6209699B9007A6846 /* LimitTextFieldInput.swift */ = {isa = PBXFileReference; lastKnownFileType = sourcecode.swift; path = LimitTextFieldInput.swift; sourceTree = "<group>"; };
		298BCFF820969EAB007A6846 /* SpeciePicker.swift */ = {isa = PBXFileReference; lastKnownFileType = sourcecode.swift; path = SpeciePicker.swift; sourceTree = "<group>"; };
		298BCFFD2096E213007A6846 /* LimitTextViewInput.swift */ = {isa = PBXFileReference; lastKnownFileType = sourcecode.swift; path = LimitTextViewInput.swift; sourceTree = "<group>"; };
		298FEB62209393C30018F368 /* PetDataViewVC.swift */ = {isa = PBXFileReference; lastKnownFileType = sourcecode.swift; path = PetDataViewVC.swift; sourceTree = "<group>"; };
		298FEB66209394D70018F368 /* MatchingVC.swift */ = {isa = PBXFileReference; lastKnownFileType = sourcecode.swift; path = MatchingVC.swift; sourceTree = "<group>"; };
		29A6E5B3208EA86A006352CF /* UserDataViewVC.swift */ = {isa = PBXFileReference; lastKnownFileType = sourcecode.swift; path = UserDataViewVC.swift; sourceTree = "<group>"; };
		29A6E5B6208EB8B6006352CF /* VarelaRound-Regular.otf */ = {isa = PBXFileReference; lastKnownFileType = file; path = "VarelaRound-Regular.otf"; sourceTree = "<group>"; };
		29A90B7F208DA16F0024ECF7 /* UserDataSettingVC.swift */ = {isa = PBXFileReference; lastKnownFileType = sourcecode.swift; path = UserDataSettingVC.swift; sourceTree = "<group>"; };
		29B19365208D31BB00A59783 /* Profile.swift */ = {isa = PBXFileReference; lastKnownFileType = sourcecode.swift; path = Profile.swift; sourceTree = "<group>"; };
		29B1936B208D4C8800A59783 /* ViewControllerExtension.swift */ = {isa = PBXFileReference; lastKnownFileType = sourcecode.swift; path = ViewControllerExtension.swift; sourceTree = "<group>"; };
		29C17977207EE97D002971C5 /* PetClump.app */ = {isa = PBXFileReference; explicitFileType = wrapper.application; includeInIndex = 0; path = PetClump.app; sourceTree = BUILT_PRODUCTS_DIR; };
		29C1797A207EE97D002971C5 /* AppDelegate.swift */ = {isa = PBXFileReference; lastKnownFileType = sourcecode.swift; path = AppDelegate.swift; sourceTree = "<group>"; };
		29C1797C207EE97D002971C5 /* EntryPointVC.swift */ = {isa = PBXFileReference; lastKnownFileType = sourcecode.swift; path = EntryPointVC.swift; sourceTree = "<group>"; };
		29C1797F207EE97D002971C5 /* Base */ = {isa = PBXFileReference; lastKnownFileType = file.storyboard; name = Base; path = Base.lproj/Main.storyboard; sourceTree = "<group>"; };
		29C17981207EE97F002971C5 /* Assets.xcassets */ = {isa = PBXFileReference; lastKnownFileType = folder.assetcatalog; path = Assets.xcassets; sourceTree = "<group>"; };
		29C17984207EE97F002971C5 /* Base */ = {isa = PBXFileReference; lastKnownFileType = file.storyboard; name = Base; path = Base.lproj/LaunchScreen.storyboard; sourceTree = "<group>"; };
		29C17986207EE97F002971C5 /* Info.plist */ = {isa = PBXFileReference; lastKnownFileType = text.plist.xml; path = Info.plist; sourceTree = "<group>"; };
		29D1342220A9E609005A72EA /* MatchingViewVC.swift */ = {isa = PBXFileReference; lastKnownFileType = sourcecode.swift; path = MatchingViewVC.swift; sourceTree = "<group>"; };
		29F104F5209FD80B006E84E0 /* Deletable.swift */ = {isa = PBXFileReference; lastKnownFileType = sourcecode.swift; path = Deletable.swift; sourceTree = "<group>"; };
		29F104F820A0069E006E84E0 /* ImagePicker.swift */ = {isa = PBXFileReference; lastKnownFileType = sourcecode.swift; path = ImagePicker.swift; sourceTree = "<group>"; };
		29F104FA20A00FB9006E84E0 /* ImageExtension.swift */ = {isa = PBXFileReference; lastKnownFileType = sourcecode.swift; path = ImageExtension.swift; sourceTree = "<group>"; };
		29FCCEF220953FFA00F95695 /* ImageViewExtension.swift */ = {isa = PBXFileReference; lastKnownFileType = sourcecode.swift; path = ImageViewExtension.swift; sourceTree = "<group>"; };
		41AAF428C22EF2ED34CFBEF7 /* Pods-PetClump.debug.xcconfig */ = {isa = PBXFileReference; includeInIndex = 1; lastKnownFileType = text.xcconfig; name = "Pods-PetClump.debug.xcconfig"; path = "Pods/Target Support Files/Pods-PetClump/Pods-PetClump.debug.xcconfig"; sourceTree = "<group>"; };
		84771F7820968FD7007385F0 /* ZLSwipeableViewController.swift */ = {isa = PBXFileReference; lastKnownFileType = sourcecode.swift; path = ZLSwipeableViewController.swift; sourceTree = "<group>"; };
		847769A820969252002AF924 /* Direction.swift */ = {isa = PBXFileReference; fileEncoding = 4; lastKnownFileType = sourcecode.swift; path = Direction.swift; sourceTree = "<group>"; };
		847769AA20969252002AF924 /* Scheduler.swift */ = {isa = PBXFileReference; fileEncoding = 4; lastKnownFileType = sourcecode.swift; path = Scheduler.swift; sourceTree = "<group>"; };
		847769AB20969252002AF924 /* ViewManager.swift */ = {isa = PBXFileReference; fileEncoding = 4; lastKnownFileType = sourcecode.swift; path = ViewManager.swift; sourceTree = "<group>"; };
		847769AC20969252002AF924 /* ZLSwipeableView.swift */ = {isa = PBXFileReference; fileEncoding = 4; lastKnownFileType = sourcecode.swift; path = ZLSwipeableView.swift; sourceTree = "<group>"; };
		847769B820969289002AF924 /* CardView.swift */ = {isa = PBXFileReference; fileEncoding = 4; lastKnownFileType = sourcecode.swift; path = CardView.swift; sourceTree = "<group>"; };
		8496347720A8DEC900719162 /* ChatVC.swift */ = {isa = PBXFileReference; lastKnownFileType = sourcecode.swift; path = ChatVC.swift; sourceTree = "<group>"; };
		8496347A20A8E60900719162 /* ChatTableViewCell.swift */ = {isa = PBXFileReference; lastKnownFileType = sourcecode.swift; path = ChatTableViewCell.swift; sourceTree = "<group>"; };
		8496347C20A8E69800719162 /* PeerTableViewCell.swift */ = {isa = PBXFileReference; lastKnownFileType = sourcecode.swift; path = PeerTableViewCell.swift; sourceTree = "<group>"; };
		84CF6B2320A007BD00533D35 /* AMLineView.swift */ = {isa = PBXFileReference; fileEncoding = 4; lastKnownFileType = sourcecode.swift; path = AMLineView.swift; sourceTree = "<group>"; };
		84CF6B2420A007BD00533D35 /* AMTabButton.swift */ = {isa = PBXFileReference; fileEncoding = 4; lastKnownFileType = sourcecode.swift; path = AMTabButton.swift; sourceTree = "<group>"; };
		84CF6B2520A007BD00533D35 /* AMPagerTabsViewController.swift */ = {isa = PBXFileReference; fileEncoding = 4; lastKnownFileType = sourcecode.swift; path = AMPagerTabsViewController.swift; sourceTree = "<group>"; };
		CD520A438C8461BA7C4D0BC1 /* Pods_PetClump.framework */ = {isa = PBXFileReference; explicitFileType = wrapper.framework; includeInIndex = 0; path = Pods_PetClump.framework; sourceTree = BUILT_PRODUCTS_DIR; };
/* End PBXFileReference section */

/* Begin PBXFrameworksBuildPhase section */
		2926C2E420A9316600DB6A3C /* Frameworks */ = {
			isa = PBXFrameworksBuildPhase;
			buildActionMask = 2147483647;
			files = (
			);
			runOnlyForDeploymentPostprocessing = 0;
		};
		29C17974207EE97D002971C5 /* Frameworks */ = {
			isa = PBXFrameworksBuildPhase;
			buildActionMask = 2147483647;
			files = (
				29309A2020855EB70059E2E4 /* Bolts.framework in Frameworks */,
				29309A1E20855E950059E2E4 /* FBSDKLoginKit.framework in Frameworks */,
				4778105DD9E6E656ED368498 /* Pods_PetClump.framework in Frameworks */,
			);
			runOnlyForDeploymentPostprocessing = 0;
		};
/* End PBXFrameworksBuildPhase section */

/* Begin PBXGroup section */
		0ECC28B514BE4CD702FB4434 /* Pods */ = {
			isa = PBXGroup;
			children = (
				41AAF428C22EF2ED34CFBEF7 /* Pods-PetClump.debug.xcconfig */,
				1ABD750C1AD364543A6D1485 /* Pods-PetClump.release.xcconfig */,
			);
			name = Pods;
			sourceTree = "<group>";
		};
		29053320209A2A100076A2AF /* lib */ = {
			isa = PBXGroup;
			children = (
				2934864620AA507800143474 /* ImageScroller */,
				84CF6B2120A0078600533D35 /* AMPagerTabs */,
				847769A720969252002AF924 /* ZLSwipeableViewSwift */,
			);
			path = lib;
			sourceTree = "<group>";
		};
		290DF24820953F2C00A64D0C /* view */ = {
			isa = PBXGroup;
			children = (
				29B1936D208D4CD000A59783 /* image */,
				29A6E5B5208EB851006352CF /* font */,
				298BD0002096E8CF007A6846 /* delegates */,
				298BCFFF2096E8B8007A6846 /* extensions */,
				29C17983207EE97F002971C5 /* LaunchScreen.storyboard */,
				295EC96720A40A0400F8D32F /* MatchingCell.swift */,
				2934864B20AA59A300143474 /* ImageScrollerView.swift */,
			);
			name = view;
			path = "New Group";
			sourceTree = "<group>";
		};
		2934864620AA507800143474 /* ImageScroller */ = {
			isa = PBXGroup;
			children = (
				2934864920AA511600143474 /* ShadowView.swift */,
				2934864720AA510900143474 /* ImageScroller.swift */,
			);
			path = ImageScroller;
			sourceTree = "<group>";
		};
		2934864F20AB8DBA00143474 /* profile */ = {
			isa = PBXGroup;
			children = (
				29B19365208D31BB00A59783 /* Profile.swift */,
				298BCFEC20969349007A6846 /* OwnerProfile.swift */,
				298BCFF0209693A7007A6846 /* PetProfile.swift */,
				295EC96D20A41A3100F8D32F /* MatchingProfile.swift */,
				29F104F5209FD80B006E84E0 /* Deletable.swift */,
			);
			path = profile;
			sourceTree = "<group>";
		};
		2934865020AB8E1800143474 /* message */ = {
			isa = PBXGroup;
			children = (
			);
			path = message;
			sourceTree = "<group>";
		};
		294C94C62097E13B00266533 /* controller */ = {
			isa = PBXGroup;
			children = (
				294C94C42097D74700266533 /* QuizVC.swift */,
				29C1797C207EE97D002971C5 /* EntryPointVC.swift */,
				2944004A208D0D6400F8D03C /* FirestoreLearningVC.swift */,
				29A90B7F208DA16F0024ECF7 /* UserDataSettingVC.swift */,
				29A6E5B3208EA86A006352CF /* UserDataViewVC.swift */,
				298FEB62209393C30018F368 /* PetDataViewVC.swift */,
				8496347720A8DEC900719162 /* ChatVC.swift */,
				8496347C20A8E69800719162 /* PeerTableViewCell.swift */,
				8496347A20A8E60900719162 /* ChatTableViewCell.swift */,
				298FEB66209394D70018F368 /* MatchingVC.swift */,
				295EC96920A40A9000F8D32F /* BestMatchingVC.swift */,
				29D1342220A9E609005A72EA /* MatchingViewVC.swift */,
			);
			path = controller;
			sourceTree = "<group>";
		};
		298BCFFC2096DFD6007A6846 /* pickers */ = {
			isa = PBXGroup;
			children = (
				298BCFF42096998C007A6846 /* GenderPicker.swift */,
				298BCFF820969EAB007A6846 /* SpeciePicker.swift */,
				29F104F820A0069E006E84E0 /* ImagePicker.swift */,
			);
			path = pickers;
			sourceTree = "<group>";
		};
		298BCFFF2096E8B8007A6846 /* extensions */ = {
			isa = PBXGroup;
			children = (
				29B1936B208D4C8800A59783 /* ViewControllerExtension.swift */,
				29FCCEF220953FFA00F95695 /* ImageViewExtension.swift */,
				2934864420AA4E1600143474 /* CachedImage.swift */,
				2905331E209915F50076A2AF /* TextViewExtension.swift */,
				29F104FA20A00FB9006E84E0 /* ImageExtension.swift */,
				2934865320AC206400143474 /* StringExtension.swift */,
			);
			path = extensions;
			sourceTree = "<group>";
		};
		298BD0002096E8CF007A6846 /* delegates */ = {
			isa = PBXGroup;
			children = (
				298BCFFC2096DFD6007A6846 /* pickers */,
				298BCFF6209699B9007A6846 /* LimitTextFieldInput.swift */,
				298BCFFD2096E213007A6846 /* LimitTextViewInput.swift */,
			);
			path = delegates;
			sourceTree = "<group>";
		};
		29A6E5B5208EB851006352CF /* font */ = {
			isa = PBXGroup;
			children = (
				29A6E5B6208EB8B6006352CF /* VarelaRound-Regular.otf */,
			);
			path = font;
			sourceTree = "<group>";
		};
		29B19362208D310D00A59783 /* model */ = {
			isa = PBXGroup;
			children = (
				2934865020AB8E1800143474 /* message */,
				2934864F20AB8DBA00143474 /* profile */,
				295EC96B20A40B2400F8D32F /* MatchingTableDelegate.swift */,
				2934865120AB96FE00143474 /* PetProfileImageDownloader.swift */,
				294C94C72097E35E00266533 /* QuizQuestion.swift */,
				2926C2F120A9332500DB6A3C /* Crytographer.swift */,
			);
			path = model;
			sourceTree = "<group>";
		};
		29B1936D208D4CD000A59783 /* image */ = {
			isa = PBXGroup;
			children = (
				292E24CD208AB0BA005311F1 /* button_icon.png */,
			);
			path = image;
			sourceTree = "<group>";
		};
		29C1796E207EE97D002971C5 = {
			isa = PBXGroup;
			children = (
				29C17979207EE97D002971C5 /* PetClump */,
				29C17978207EE97D002971C5 /* Products */,
				0ECC28B514BE4CD702FB4434 /* Pods */,
				B5B004EA17432DBFD1994CBE /* Frameworks */,
			);
			sourceTree = "<group>";
		};
		29C17978207EE97D002971C5 /* Products */ = {
			isa = PBXGroup;
			children = (
				29C17977207EE97D002971C5 /* PetClump.app */,
				2926C2E720A9316600DB6A3C /* PetClumpTests.xctest */,
			);
			name = Products;
			sourceTree = "<group>";
		};
		29C17979207EE97D002971C5 /* PetClump */ = {
			isa = PBXGroup;
			children = (
				29C1797E207EE97D002971C5 /* Main.storyboard */,
				29C17986207EE97F002971C5 /* Info.plist */,
				29C17981207EE97F002971C5 /* Assets.xcassets */,
				2948A2F92085206B007FEDD8 /* GoogleService-Info.plist */,
				2948A2FB208523C8007FEDD8 /* PetClump.entitlements */,
				29C1797A207EE97D002971C5 /* AppDelegate.swift */,
				294C94C62097E13B00266533 /* controller */,
				290DF24820953F2C00A64D0C /* view */,
				29B19362208D310D00A59783 /* model */,
				29053320209A2A100076A2AF /* lib */,
			);
			path = PetClump;
			sourceTree = "<group>";
		};
		847769A720969252002AF924 /* ZLSwipeableViewSwift */ = {
			isa = PBXGroup;
			children = (
				847769B820969289002AF924 /* CardView.swift */,
				84771F7820968FD7007385F0 /* ZLSwipeableViewController.swift */,
				847769A820969252002AF924 /* Direction.swift */,
				847769AA20969252002AF924 /* Scheduler.swift */,
				847769AB20969252002AF924 /* ViewManager.swift */,
				847769AC20969252002AF924 /* ZLSwipeableView.swift */,
			);
			path = ZLSwipeableViewSwift;
			sourceTree = "<group>";
		};
		84CF6B2120A0078600533D35 /* AMPagerTabs */ = {
			isa = PBXGroup;
			children = (
				84CF6B2320A007BD00533D35 /* AMLineView.swift */,
				84CF6B2520A007BD00533D35 /* AMPagerTabsViewController.swift */,
				84CF6B2420A007BD00533D35 /* AMTabButton.swift */,
			);
			path = AMPagerTabs;
			sourceTree = "<group>";
		};
		B5B004EA17432DBFD1994CBE /* Frameworks */ = {
			isa = PBXGroup;
			children = (
				29309A1F20855EB70059E2E4 /* Bolts.framework */,
				29309A1D20855E950059E2E4 /* FBSDKLoginKit.framework */,
				CD520A438C8461BA7C4D0BC1 /* Pods_PetClump.framework */,
			);
			name = Frameworks;
			sourceTree = "<group>";
		};
/* End PBXGroup section */

/* Begin PBXNativeTarget section */
		2926C2E620A9316600DB6A3C /* PetClumpTests */ = {
			isa = PBXNativeTarget;
			buildConfigurationList = 2926C2EE20A9316600DB6A3C /* Build configuration list for PBXNativeTarget "PetClumpTests" */;
			buildPhases = (
				2926C2E320A9316600DB6A3C /* Sources */,
				2926C2E420A9316600DB6A3C /* Frameworks */,
				2926C2E520A9316600DB6A3C /* Resources */,
			);
			buildRules = (
			);
			dependencies = (
				2926C2ED20A9316600DB6A3C /* PBXTargetDependency */,
			);
			name = PetClumpTests;
			productName = PetClumpTests;
			productReference = 2926C2E720A9316600DB6A3C /* PetClumpTests.xctest */;
			productType = "com.apple.product-type.bundle.unit-test";
		};
		29C17976207EE97D002971C5 /* PetClump */ = {
			isa = PBXNativeTarget;
			buildConfigurationList = 29C17989207EE97F002971C5 /* Build configuration list for PBXNativeTarget "PetClump" */;
			buildPhases = (
				2F4389FE6FEF3F9583DE4611 /* [CP] Check Pods Manifest.lock */,
				29C17973207EE97D002971C5 /* Sources */,
				29C17974207EE97D002971C5 /* Frameworks */,
				29C17975207EE97D002971C5 /* Resources */,
				25AC422C5883CAC15925A08A /* [CP] Embed Pods Frameworks */,
				E0FEA1389E91D4B4D9BFB9EF /* [CP] Copy Pods Resources */,
			);
			buildRules = (
			);
			dependencies = (
			);
			name = PetClump;
			productName = PetClump;
			productReference = 29C17977207EE97D002971C5 /* PetClump.app */;
			productType = "com.apple.product-type.application";
		};
/* End PBXNativeTarget section */

/* Begin PBXProject section */
		29C1796F207EE97D002971C5 /* Project object */ = {
			isa = PBXProject;
			attributes = {
				KnownAssetTags = (
					1,
					2,
				);
				LastSwiftUpdateCheck = 0930;
				LastUpgradeCheck = 0930;
				ORGANIZATIONNAME = PetClump;
				TargetAttributes = {
					2926C2E620A9316600DB6A3C = {
						CreatedOnToolsVersion = 9.3;
						ProvisioningStyle = Automatic;
						TestTargetID = 29C17976207EE97D002971C5;
					};
					29C17976207EE97D002971C5 = {
						CreatedOnToolsVersion = 9.3;
						ProvisioningStyle = Automatic;
						SystemCapabilities = {
							com.apple.Keychain = {
								enabled = 1;
							};
						};
					};
				};
			};
			buildConfigurationList = 29C17972207EE97D002971C5 /* Build configuration list for PBXProject "PetClump" */;
			compatibilityVersion = "Xcode 8.0";
			developmentRegion = en;
			hasScannedForEncodings = 0;
			knownRegions = (
				en,
				Base,
			);
			mainGroup = 29C1796E207EE97D002971C5;
			productRefGroup = 29C17978207EE97D002971C5 /* Products */;
			projectDirPath = "";
			projectRoot = "";
			targets = (
				29C17976207EE97D002971C5 /* PetClump */,
				2926C2E620A9316600DB6A3C /* PetClumpTests */,
			);
		};
/* End PBXProject section */

/* Begin PBXResourcesBuildPhase section */
		2926C2E520A9316600DB6A3C /* Resources */ = {
			isa = PBXResourcesBuildPhase;
			buildActionMask = 2147483647;
			files = (
			);
			runOnlyForDeploymentPostprocessing = 0;
		};
		29C17975207EE97D002971C5 /* Resources */ = {
			isa = PBXResourcesBuildPhase;
			buildActionMask = 2147483647;
			files = (
				29C17985207EE97F002971C5 /* LaunchScreen.storyboard in Resources */,
				2948A2FA2085206B007FEDD8 /* GoogleService-Info.plist in Resources */,
				29A6E5B7208EB8DB006352CF /* VarelaRound-Regular.otf in Resources */,
				29C17982207EE97F002971C5 /* Assets.xcassets in Resources */,
				292E24CE208AB0BA005311F1 /* button_icon.png in Resources */,
				29C17980207EE97D002971C5 /* Main.storyboard in Resources */,
			);
			runOnlyForDeploymentPostprocessing = 0;
		};
/* End PBXResourcesBuildPhase section */

/* Begin PBXShellScriptBuildPhase section */
		25AC422C5883CAC15925A08A /* [CP] Embed Pods Frameworks */ = {
			isa = PBXShellScriptBuildPhase;
			buildActionMask = 2147483647;
			files = (
			);
			inputPaths = (
				"${SRCROOT}/Pods/Target Support Files/Pods-PetClump/Pods-PetClump-frameworks.sh",
				"${BUILT_PRODUCTS_DIR}/AZPeerToPeerConnection/AZPeerToPeerConnection.framework",
				"${BUILT_PRODUCTS_DIR}/Bolts/Bolts.framework",
				"${BUILT_PRODUCTS_DIR}/BoringSSL/openssl.framework",
				"${BUILT_PRODUCTS_DIR}/Cartography/Cartography.framework",
				"${BUILT_PRODUCTS_DIR}/CryptoSwift/CryptoSwift.framework",
				"${BUILT_PRODUCTS_DIR}/FBSDKCoreKit/FBSDKCoreKit.framework",
				"${BUILT_PRODUCTS_DIR}/FBSDKLoginKit/FBSDKLoginKit.framework",
				"${BUILT_PRODUCTS_DIR}/FBSDKShareKit/FBSDKShareKit.framework",
				"${BUILT_PRODUCTS_DIR}/FacebookCore/FacebookCore.framework",
				"${BUILT_PRODUCTS_DIR}/FacebookLogin/FacebookLogin.framework",
				"${BUILT_PRODUCTS_DIR}/FacebookShare/FacebookShare.framework",
				"${BUILT_PRODUCTS_DIR}/GTMOAuth2/GTMOAuth2.framework",
				"${BUILT_PRODUCTS_DIR}/GTMSessionFetcher/GTMSessionFetcher.framework",
				"${BUILT_PRODUCTS_DIR}/GoogleToolboxForMac/GoogleToolboxForMac.framework",
				"${BUILT_PRODUCTS_DIR}/Protobuf/Protobuf.framework",
				"${BUILT_PRODUCTS_DIR}/SDWebImage/SDWebImage.framework",
				"${PODS_ROOT}/TwitterCore/iOS/TwitterCore.framework",
				"${PODS_ROOT}/TwitterKit/iOS/TwitterKit.framework",
				"${BUILT_PRODUCTS_DIR}/UIColor+FlatColors/UIColor_FlatColors.framework",
				"${BUILT_PRODUCTS_DIR}/gRPC/GRPCClient.framework",
				"${BUILT_PRODUCTS_DIR}/gRPC-Core/grpc.framework",
				"${BUILT_PRODUCTS_DIR}/gRPC-ProtoRPC/ProtoRPC.framework",
				"${BUILT_PRODUCTS_DIR}/gRPC-RxLibrary/RxLibrary.framework",
				"${BUILT_PRODUCTS_DIR}/leveldb-library/leveldb.framework",
				"${BUILT_PRODUCTS_DIR}/nanopb/nanopb.framework",
			);
			name = "[CP] Embed Pods Frameworks";
			outputPaths = (
				"${TARGET_BUILD_DIR}/${FRAMEWORKS_FOLDER_PATH}/AZPeerToPeerConnection.framework",
				"${TARGET_BUILD_DIR}/${FRAMEWORKS_FOLDER_PATH}/Bolts.framework",
				"${TARGET_BUILD_DIR}/${FRAMEWORKS_FOLDER_PATH}/openssl.framework",
				"${TARGET_BUILD_DIR}/${FRAMEWORKS_FOLDER_PATH}/Cartography.framework",
				"${TARGET_BUILD_DIR}/${FRAMEWORKS_FOLDER_PATH}/CryptoSwift.framework",
				"${TARGET_BUILD_DIR}/${FRAMEWORKS_FOLDER_PATH}/FBSDKCoreKit.framework",
				"${TARGET_BUILD_DIR}/${FRAMEWORKS_FOLDER_PATH}/FBSDKLoginKit.framework",
				"${TARGET_BUILD_DIR}/${FRAMEWORKS_FOLDER_PATH}/FBSDKShareKit.framework",
				"${TARGET_BUILD_DIR}/${FRAMEWORKS_FOLDER_PATH}/FacebookCore.framework",
				"${TARGET_BUILD_DIR}/${FRAMEWORKS_FOLDER_PATH}/FacebookLogin.framework",
				"${TARGET_BUILD_DIR}/${FRAMEWORKS_FOLDER_PATH}/FacebookShare.framework",
				"${TARGET_BUILD_DIR}/${FRAMEWORKS_FOLDER_PATH}/GTMOAuth2.framework",
				"${TARGET_BUILD_DIR}/${FRAMEWORKS_FOLDER_PATH}/GTMSessionFetcher.framework",
				"${TARGET_BUILD_DIR}/${FRAMEWORKS_FOLDER_PATH}/GoogleToolboxForMac.framework",
				"${TARGET_BUILD_DIR}/${FRAMEWORKS_FOLDER_PATH}/Protobuf.framework",
				"${TARGET_BUILD_DIR}/${FRAMEWORKS_FOLDER_PATH}/SDWebImage.framework",
				"${TARGET_BUILD_DIR}/${FRAMEWORKS_FOLDER_PATH}/TwitterCore.framework",
				"${TARGET_BUILD_DIR}/${FRAMEWORKS_FOLDER_PATH}/TwitterKit.framework",
				"${TARGET_BUILD_DIR}/${FRAMEWORKS_FOLDER_PATH}/UIColor_FlatColors.framework",
				"${TARGET_BUILD_DIR}/${FRAMEWORKS_FOLDER_PATH}/GRPCClient.framework",
				"${TARGET_BUILD_DIR}/${FRAMEWORKS_FOLDER_PATH}/grpc.framework",
				"${TARGET_BUILD_DIR}/${FRAMEWORKS_FOLDER_PATH}/ProtoRPC.framework",
				"${TARGET_BUILD_DIR}/${FRAMEWORKS_FOLDER_PATH}/RxLibrary.framework",
				"${TARGET_BUILD_DIR}/${FRAMEWORKS_FOLDER_PATH}/leveldb.framework",
				"${TARGET_BUILD_DIR}/${FRAMEWORKS_FOLDER_PATH}/nanopb.framework",
			);
			runOnlyForDeploymentPostprocessing = 0;
			shellPath = /bin/sh;
			shellScript = "\"${SRCROOT}/Pods/Target Support Files/Pods-PetClump/Pods-PetClump-frameworks.sh\"\n";
			showEnvVarsInLog = 0;
		};
		2F4389FE6FEF3F9583DE4611 /* [CP] Check Pods Manifest.lock */ = {
			isa = PBXShellScriptBuildPhase;
			buildActionMask = 2147483647;
			files = (
			);
			inputPaths = (
				"${PODS_PODFILE_DIR_PATH}/Podfile.lock",
				"${PODS_ROOT}/Manifest.lock",
			);
			name = "[CP] Check Pods Manifest.lock";
			outputPaths = (
				"$(DERIVED_FILE_DIR)/Pods-PetClump-checkManifestLockResult.txt",
			);
			runOnlyForDeploymentPostprocessing = 0;
			shellPath = /bin/sh;
			shellScript = "diff \"${PODS_PODFILE_DIR_PATH}/Podfile.lock\" \"${PODS_ROOT}/Manifest.lock\" > /dev/null\nif [ $? != 0 ] ; then\n    # print error to STDERR\n    echo \"error: The sandbox is not in sync with the Podfile.lock. Run 'pod install' or update your CocoaPods installation.\" >&2\n    exit 1\nfi\n# This output is used by Xcode 'outputs' to avoid re-running this script phase.\necho \"SUCCESS\" > \"${SCRIPT_OUTPUT_FILE_0}\"\n";
			showEnvVarsInLog = 0;
		};
		E0FEA1389E91D4B4D9BFB9EF /* [CP] Copy Pods Resources */ = {
			isa = PBXShellScriptBuildPhase;
			buildActionMask = 2147483647;
			files = (
			);
			inputPaths = (
				"${SRCROOT}/Pods/Target Support Files/Pods-PetClump/Pods-PetClump-resources.sh",
				"${PODS_CONFIGURATION_BUILD_DIR}/FirebaseUI/FirebaseAuthUI.bundle",
				"${PODS_CONFIGURATION_BUILD_DIR}/FirebaseUI/FirebaseFacebookAuthUI.bundle",
				"${PODS_CONFIGURATION_BUILD_DIR}/FirebaseUI/FirebaseGoogleAuthUI.bundle",
				"${PODS_CONFIGURATION_BUILD_DIR}/FirebaseUI/FirebasePhoneAuthUI.bundle",
				"${PODS_CONFIGURATION_BUILD_DIR}/FirebaseUI/FirebaseTwitterAuthUI.bundle",
				"${PODS_ROOT}/GoogleSignIn/Resources/GoogleSignIn.bundle",
				"${PODS_ROOT}/TwitterKit/iOS/TwitterKit.framework/TwitterKitResources.bundle",
				"${PODS_ROOT}/TwitterKit/iOS/TwitterKit.framework/TwitterShareExtensionUIResources.bundle",
			);
			name = "[CP] Copy Pods Resources";
			outputPaths = (
				"${TARGET_BUILD_DIR}/${UNLOCALIZED_RESOURCES_FOLDER_PATH}/FirebaseAuthUI.bundle",
				"${TARGET_BUILD_DIR}/${UNLOCALIZED_RESOURCES_FOLDER_PATH}/FirebaseFacebookAuthUI.bundle",
				"${TARGET_BUILD_DIR}/${UNLOCALIZED_RESOURCES_FOLDER_PATH}/FirebaseGoogleAuthUI.bundle",
				"${TARGET_BUILD_DIR}/${UNLOCALIZED_RESOURCES_FOLDER_PATH}/FirebasePhoneAuthUI.bundle",
				"${TARGET_BUILD_DIR}/${UNLOCALIZED_RESOURCES_FOLDER_PATH}/FirebaseTwitterAuthUI.bundle",
				"${TARGET_BUILD_DIR}/${UNLOCALIZED_RESOURCES_FOLDER_PATH}/GoogleSignIn.bundle",
				"${TARGET_BUILD_DIR}/${UNLOCALIZED_RESOURCES_FOLDER_PATH}/TwitterKitResources.bundle",
				"${TARGET_BUILD_DIR}/${UNLOCALIZED_RESOURCES_FOLDER_PATH}/TwitterShareExtensionUIResources.bundle",
			);
			runOnlyForDeploymentPostprocessing = 0;
			shellPath = /bin/sh;
			shellScript = "\"${SRCROOT}/Pods/Target Support Files/Pods-PetClump/Pods-PetClump-resources.sh\"\n";
			showEnvVarsInLog = 0;
		};
/* End PBXShellScriptBuildPhase section */

/* Begin PBXSourcesBuildPhase section */
		2926C2E320A9316600DB6A3C /* Sources */ = {
			isa = PBXSourcesBuildPhase;
			buildActionMask = 2147483647;
			files = (
			);
			runOnlyForDeploymentPostprocessing = 0;
		};
		29C17973207EE97D002971C5 /* Sources */ = {
			isa = PBXSourcesBuildPhase;
			buildActionMask = 2147483647;
			files = (
				295EC96820A40A0400F8D32F /* MatchingCell.swift in Sources */,
				298BCFF52096998C007A6846 /* GenderPicker.swift in Sources */,
				2944004B208D0D6400F8D03C /* FirestoreLearningVC.swift in Sources */,
				847769B520969252002AF924 /* Scheduler.swift in Sources */,
				29F104F920A0069E006E84E0 /* ImagePicker.swift in Sources */,
				2934865220AB96FE00143474 /* PetProfileImageDownloader.swift in Sources */,
				8496347B20A8E60900719162 /* ChatTableViewCell.swift in Sources */,
				29A6E5B4208EA86A006352CF /* UserDataViewVC.swift in Sources */,
				29D1342320A9E609005A72EA /* MatchingViewVC.swift in Sources */,
				84CF6B2820A007BD00533D35 /* AMPagerTabsViewController.swift in Sources */,
				84CF6B2620A007BD00533D35 /* AMLineView.swift in Sources */,
				295EC96A20A40A9000F8D32F /* BestMatchingVC.swift in Sources */,
				2934864A20AA511600143474 /* ShadowView.swift in Sources */,
				298BCFED20969349007A6846 /* OwnerProfile.swift in Sources */,
				8496347820A8DEC900719162 /* ChatVC.swift in Sources */,
				298FEB63209393C30018F368 /* PetDataViewVC.swift in Sources */,
				294C94C82097E35E00266533 /* QuizQuestion.swift in Sources */,
				2934864520AA4E1600143474 /* CachedImage.swift in Sources */,
				2926C2F220A9332500DB6A3C /* Crytographer.swift in Sources */,
				8496347D20A8E69800719162 /* PeerTableViewCell.swift in Sources */,
				84CF6B2720A007BD00533D35 /* AMTabButton.swift in Sources */,
				29B19366208D31BB00A59783 /* Profile.swift in Sources */,
				29F104F6209FD80B006E84E0 /* Deletable.swift in Sources */,
				298BCFFE2096E213007A6846 /* LimitTextViewInput.swift in Sources */,
				29C1797D207EE97D002971C5 /* EntryPointVC.swift in Sources */,
				29F104FB20A00FB9006E84E0 /* ImageExtension.swift in Sources */,
				298BCFF920969EAB007A6846 /* SpeciePicker.swift in Sources */,
				298BCFF1209693A7007A6846 /* PetProfile.swift in Sources */,
				29B1936C208D4C8800A59783 /* ViewControllerExtension.swift in Sources */,
				29A90B80208DA16F0024ECF7 /* UserDataSettingVC.swift in Sources */,
				84771F7920968FD7007385F0 /* ZLSwipeableViewController.swift in Sources */,
				295EC96C20A40B2400F8D32F /* MatchingTableDelegate.swift in Sources */,
				29C1797B207EE97D002971C5 /* AppDelegate.swift in Sources */,
				298BCFF7209699B9007A6846 /* LimitTextFieldInput.swift in Sources */,
				298FEB67209394D70018F368 /* MatchingVC.swift in Sources */,
				2934864820AA510900143474 /* ImageScroller.swift in Sources */,
				295EC96E20A41A3100F8D32F /* MatchingProfile.swift in Sources */,
				2905331F209915F50076A2AF /* TextViewExtension.swift in Sources */,
				847769B620969252002AF924 /* ViewManager.swift in Sources */,
				294C94C52097D74700266533 /* QuizVC.swift in Sources */,
				2934864C20AA59A300143474 /* ImageScrollerView.swift in Sources */,
				847769B720969252002AF924 /* ZLSwipeableView.swift in Sources */,
				29FCCEF320953FFA00F95695 /* ImageViewExtension.swift in Sources */,
				847769B920969289002AF924 /* CardView.swift in Sources */,
				2934865420AC206400143474 /* StringExtension.swift in Sources */,
				847769B320969252002AF924 /* Direction.swift in Sources */,
			);
			runOnlyForDeploymentPostprocessing = 0;
		};
/* End PBXSourcesBuildPhase section */

/* Begin PBXTargetDependency section */
		2926C2ED20A9316600DB6A3C /* PBXTargetDependency */ = {
			isa = PBXTargetDependency;
			target = 29C17976207EE97D002971C5 /* PetClump */;
			targetProxy = 2926C2EC20A9316600DB6A3C /* PBXContainerItemProxy */;
		};
/* End PBXTargetDependency section */

/* Begin PBXVariantGroup section */
		29C1797E207EE97D002971C5 /* Main.storyboard */ = {
			isa = PBXVariantGroup;
			children = (
				29C1797F207EE97D002971C5 /* Base */,
			);
			name = Main.storyboard;
			sourceTree = "<group>";
		};
		29C17983207EE97F002971C5 /* LaunchScreen.storyboard */ = {
			isa = PBXVariantGroup;
			children = (
				29C17984207EE97F002971C5 /* Base */,
			);
			name = LaunchScreen.storyboard;
			sourceTree = "<group>";
		};
/* End PBXVariantGroup section */

/* Begin XCBuildConfiguration section */
		2926C2EF20A9316600DB6A3C /* Debug */ = {
			isa = XCBuildConfiguration;
			buildSettings = {
				BUNDLE_LOADER = "$(TEST_HOST)";
				CODE_SIGN_STYLE = Automatic;
				INFOPLIST_FILE = PetClumpTests/Info.plist;
				LD_RUNPATH_SEARCH_PATHS = "$(inherited) @executable_path/Frameworks @loader_path/Frameworks";
				PRODUCT_BUNDLE_IDENTIFIER = com.petclump.PetClumpTests;
				PRODUCT_NAME = "$(TARGET_NAME)";
				SWIFT_VERSION = 4.0;
				TARGETED_DEVICE_FAMILY = "1,2";
				TEST_HOST = "$(BUILT_PRODUCTS_DIR)/PetClump.app/PetClump";
			};
			name = Debug;
		};
		2926C2F020A9316600DB6A3C /* Release */ = {
			isa = XCBuildConfiguration;
			buildSettings = {
				BUNDLE_LOADER = "$(TEST_HOST)";
				CODE_SIGN_STYLE = Automatic;
				INFOPLIST_FILE = PetClumpTests/Info.plist;
				LD_RUNPATH_SEARCH_PATHS = "$(inherited) @executable_path/Frameworks @loader_path/Frameworks";
				PRODUCT_BUNDLE_IDENTIFIER = com.petclump.PetClumpTests;
				PRODUCT_NAME = "$(TARGET_NAME)";
				SWIFT_VERSION = 4.0;
				TARGETED_DEVICE_FAMILY = "1,2";
				TEST_HOST = "$(BUILT_PRODUCTS_DIR)/PetClump.app/PetClump";
			};
			name = Release;
		};
		29C17987207EE97F002971C5 /* Debug */ = {
			isa = XCBuildConfiguration;
			buildSettings = {
				ALWAYS_SEARCH_USER_PATHS = NO;
				CLANG_ANALYZER_NONNULL = YES;
				CLANG_ANALYZER_NUMBER_OBJECT_CONVERSION = YES_AGGRESSIVE;
				CLANG_CXX_LANGUAGE_STANDARD = "gnu++14";
				CLANG_CXX_LIBRARY = "libc++";
				CLANG_ENABLE_MODULES = YES;
				CLANG_ENABLE_OBJC_ARC = YES;
				CLANG_ENABLE_OBJC_WEAK = YES;
				CLANG_WARN_BLOCK_CAPTURE_AUTORELEASING = YES;
				CLANG_WARN_BOOL_CONVERSION = YES;
				CLANG_WARN_COMMA = YES;
				CLANG_WARN_CONSTANT_CONVERSION = YES;
				CLANG_WARN_DEPRECATED_OBJC_IMPLEMENTATIONS = YES;
				CLANG_WARN_DIRECT_OBJC_ISA_USAGE = YES_ERROR;
				CLANG_WARN_DOCUMENTATION_COMMENTS = YES;
				CLANG_WARN_EMPTY_BODY = YES;
				CLANG_WARN_ENUM_CONVERSION = YES;
				CLANG_WARN_INFINITE_RECURSION = YES;
				CLANG_WARN_INT_CONVERSION = YES;
				CLANG_WARN_NON_LITERAL_NULL_CONVERSION = YES;
				CLANG_WARN_OBJC_IMPLICIT_RETAIN_SELF = YES;
				CLANG_WARN_OBJC_LITERAL_CONVERSION = YES;
				CLANG_WARN_OBJC_ROOT_CLASS = YES_ERROR;
				CLANG_WARN_RANGE_LOOP_ANALYSIS = YES;
				CLANG_WARN_STRICT_PROTOTYPES = YES;
				CLANG_WARN_SUSPICIOUS_MOVE = YES;
				CLANG_WARN_UNGUARDED_AVAILABILITY = YES_AGGRESSIVE;
				CLANG_WARN_UNREACHABLE_CODE = YES;
				CLANG_WARN__DUPLICATE_METHOD_MATCH = YES;
				CODE_SIGN_IDENTITY = "iPhone Developer";
				COPY_PHASE_STRIP = NO;
				DEBUG_INFORMATION_FORMAT = dwarf;
				ENABLE_STRICT_OBJC_MSGSEND = YES;
				ENABLE_TESTABILITY = YES;
				GCC_C_LANGUAGE_STANDARD = gnu11;
				GCC_DYNAMIC_NO_PIC = NO;
				GCC_NO_COMMON_BLOCKS = YES;
				GCC_OPTIMIZATION_LEVEL = 0;
				GCC_PREPROCESSOR_DEFINITIONS = (
					"DEBUG=1",
					"$(inherited)",
				);
				GCC_WARN_64_TO_32_BIT_CONVERSION = YES;
				GCC_WARN_ABOUT_RETURN_TYPE = YES_ERROR;
				GCC_WARN_UNDECLARED_SELECTOR = YES;
				GCC_WARN_UNINITIALIZED_AUTOS = YES_AGGRESSIVE;
				GCC_WARN_UNUSED_FUNCTION = YES;
				GCC_WARN_UNUSED_VARIABLE = YES;
				IPHONEOS_DEPLOYMENT_TARGET = 11.3;
				MTL_ENABLE_DEBUG_INFO = YES;
				ONLY_ACTIVE_ARCH = YES;
				SDKROOT = iphoneos;
				SWIFT_ACTIVE_COMPILATION_CONDITIONS = DEBUG;
				SWIFT_OPTIMIZATION_LEVEL = "-Onone";
			};
			name = Debug;
		};
		29C17988207EE97F002971C5 /* Release */ = {
			isa = XCBuildConfiguration;
			buildSettings = {
				ALWAYS_SEARCH_USER_PATHS = NO;
				CLANG_ANALYZER_NONNULL = YES;
				CLANG_ANALYZER_NUMBER_OBJECT_CONVERSION = YES_AGGRESSIVE;
				CLANG_CXX_LANGUAGE_STANDARD = "gnu++14";
				CLANG_CXX_LIBRARY = "libc++";
				CLANG_ENABLE_MODULES = YES;
				CLANG_ENABLE_OBJC_ARC = YES;
				CLANG_ENABLE_OBJC_WEAK = YES;
				CLANG_WARN_BLOCK_CAPTURE_AUTORELEASING = YES;
				CLANG_WARN_BOOL_CONVERSION = YES;
				CLANG_WARN_COMMA = YES;
				CLANG_WARN_CONSTANT_CONVERSION = YES;
				CLANG_WARN_DEPRECATED_OBJC_IMPLEMENTATIONS = YES;
				CLANG_WARN_DIRECT_OBJC_ISA_USAGE = YES_ERROR;
				CLANG_WARN_DOCUMENTATION_COMMENTS = YES;
				CLANG_WARN_EMPTY_BODY = YES;
				CLANG_WARN_ENUM_CONVERSION = YES;
				CLANG_WARN_INFINITE_RECURSION = YES;
				CLANG_WARN_INT_CONVERSION = YES;
				CLANG_WARN_NON_LITERAL_NULL_CONVERSION = YES;
				CLANG_WARN_OBJC_IMPLICIT_RETAIN_SELF = YES;
				CLANG_WARN_OBJC_LITERAL_CONVERSION = YES;
				CLANG_WARN_OBJC_ROOT_CLASS = YES_ERROR;
				CLANG_WARN_RANGE_LOOP_ANALYSIS = YES;
				CLANG_WARN_STRICT_PROTOTYPES = YES;
				CLANG_WARN_SUSPICIOUS_MOVE = YES;
				CLANG_WARN_UNGUARDED_AVAILABILITY = YES_AGGRESSIVE;
				CLANG_WARN_UNREACHABLE_CODE = YES;
				CLANG_WARN__DUPLICATE_METHOD_MATCH = YES;
				CODE_SIGN_IDENTITY = "iPhone Developer";
				COPY_PHASE_STRIP = NO;
				DEBUG_INFORMATION_FORMAT = "dwarf-with-dsym";
				ENABLE_NS_ASSERTIONS = NO;
				ENABLE_STRICT_OBJC_MSGSEND = YES;
				GCC_C_LANGUAGE_STANDARD = gnu11;
				GCC_NO_COMMON_BLOCKS = YES;
				GCC_WARN_64_TO_32_BIT_CONVERSION = YES;
				GCC_WARN_ABOUT_RETURN_TYPE = YES_ERROR;
				GCC_WARN_UNDECLARED_SELECTOR = YES;
				GCC_WARN_UNINITIALIZED_AUTOS = YES_AGGRESSIVE;
				GCC_WARN_UNUSED_FUNCTION = YES;
				GCC_WARN_UNUSED_VARIABLE = YES;
				IPHONEOS_DEPLOYMENT_TARGET = 11.3;
				MTL_ENABLE_DEBUG_INFO = NO;
				SDKROOT = iphoneos;
				SWIFT_OPTIMIZATION_LEVEL = "-Owholemodule";
				VALIDATE_PRODUCT = YES;
			};
			name = Release;
		};
		29C1798A207EE97F002971C5 /* Debug */ = {
			isa = XCBuildConfiguration;
			baseConfigurationReference = 41AAF428C22EF2ED34CFBEF7 /* Pods-PetClump.debug.xcconfig */;
			buildSettings = {
				ASSETCATALOG_COMPILER_APPICON_NAME = AppIcon;
				CODE_SIGN_ENTITLEMENTS = PetClump/PetClump.entitlements;
				CODE_SIGN_STYLE = Automatic;
				DEVELOPMENT_TEAM = VAPY9Z8ZT4;
				INFOPLIST_FILE = PetClump/Info.plist;
				IPHONEOS_DEPLOYMENT_TARGET = 11.0;
				LD_RUNPATH_SEARCH_PATHS = "$(inherited) @executable_path/Frameworks";
				PRODUCT_BUNDLE_IDENTIFIER = com.petclump.PetClump;
				PRODUCT_NAME = "$(TARGET_NAME)";
				SWIFT_VERSION = 4.0;
				TARGETED_DEVICE_FAMILY = 1;
			};
			name = Debug;
		};
		29C1798B207EE97F002971C5 /* Release */ = {
			isa = XCBuildConfiguration;
			baseConfigurationReference = 1ABD750C1AD364543A6D1485 /* Pods-PetClump.release.xcconfig */;
			buildSettings = {
				ASSETCATALOG_COMPILER_APPICON_NAME = AppIcon;
				CODE_SIGN_ENTITLEMENTS = PetClump/PetClump.entitlements;
				CODE_SIGN_STYLE = Automatic;
				DEVELOPMENT_TEAM = VAPY9Z8ZT4;
				INFOPLIST_FILE = PetClump/Info.plist;
				IPHONEOS_DEPLOYMENT_TARGET = 11.0;
				LD_RUNPATH_SEARCH_PATHS = "$(inherited) @executable_path/Frameworks";
				PRODUCT_BUNDLE_IDENTIFIER = com.petclump.PetClump;
				PRODUCT_NAME = "$(TARGET_NAME)";
				SWIFT_VERSION = 4.0;
				TARGETED_DEVICE_FAMILY = 1;
			};
			name = Release;
		};
/* End XCBuildConfiguration section */

/* Begin XCConfigurationList section */
		2926C2EE20A9316600DB6A3C /* Build configuration list for PBXNativeTarget "PetClumpTests" */ = {
			isa = XCConfigurationList;
			buildConfigurations = (
				2926C2EF20A9316600DB6A3C /* Debug */,
				2926C2F020A9316600DB6A3C /* Release */,
			);
			defaultConfigurationIsVisible = 0;
			defaultConfigurationName = Release;
		};
		29C17972207EE97D002971C5 /* Build configuration list for PBXProject "PetClump" */ = {
			isa = XCConfigurationList;
			buildConfigurations = (
				29C17987207EE97F002971C5 /* Debug */,
				29C17988207EE97F002971C5 /* Release */,
			);
			defaultConfigurationIsVisible = 0;
			defaultConfigurationName = Release;
		};
		29C17989207EE97F002971C5 /* Build configuration list for PBXNativeTarget "PetClump" */ = {
			isa = XCConfigurationList;
			buildConfigurations = (
				29C1798A207EE97F002971C5 /* Debug */,
				29C1798B207EE97F002971C5 /* Release */,
			);
			defaultConfigurationIsVisible = 0;
			defaultConfigurationName = Release;
		};
/* End XCConfigurationList section */
	};
	rootObject = 29C1796F207EE97D002971C5 /* Project object */;
}
